
Microsoft Visual Studio Solution File, Format Version 12.00
# Visual Studio Version 17
VisualStudioVersion = 17.14.37012.4 d17.14
MinimumVisualStudioVersion = 10.0.40219.1
Project("{FAE04EC0-301F-11D3-BF4B-00C04F79EFBC}") = "ConsoleApp13", "ConsoleApp13\ConsoleApp13.csproj", "{8FB9BAAA-68DA-47A3-9EAF-928F3F2537D8}"
EndProject
Global
	GlobalSection(SolutionConfigurationPlatforms) = preSolution
		Debug|Any CPU = Debug|Any CPU
		Release|Any CPU = Release|Any CPU
	EndGlobalSection
	GlobalSection(ProjectConfigurationPlatforms) = postSolution
		{8FB9BAAA-68DA-47A3-9EAF-928F3F2537D8}.Debug|Any CPU.ActiveCfg = Debug|Any CPU
		{8FB9BAAA-68DA-47A3-9EAF-928F3F2537D8}.Debug|Any CPU.Build.0 = Debug|Any CPU
		{8FB9BAAA-68DA-47A3-9EAF-928F3F2537D8}.Release|Any CPU.ActiveCfg = Release|Any CPU
		{8FB9BAAA-68DA-47A3-9EAF-928F3F2537D8}.Release|Any CPU.Build.0 = Release|Any CPU
	EndGlobalSection
	GlobalSection(SolutionProperties) = preSolution
		HideSolutionNode = FALSE
	EndGlobalSection
	GlobalSection(ExtensibilityGlobals) = postSolution
		SolutionGuid = {206ED89C-EBE6-4502-A216-9BE60FC33CC0}
	EndGlobalSection
EndGlobal
